// !$*UTF8*$!
{
	archiveVersion = 1;
	classes = {
	};
	objectVersion = 56;
	objects = {

/* Begin PBXBuildFile section */
		A9E542DA2ABC444000DFBD6D /* GroceriesShopApp.swift in Sources */ = {isa = PBXBuildFile; fileRef = A9E542D92ABC444000DFBD6D /* GroceriesShopApp.swift */; };
		A9E542DC2ABC444000DFBD6D /* ContentView.swift in Sources */ = {isa = PBXBuildFile; fileRef = A9E542DB2ABC444000DFBD6D /* ContentView.swift */; };
		A9E542DE2ABC444200DFBD6D /* Assets.xcassets in Resources */ = {isa = PBXBuildFile; fileRef = A9E542DD2ABC444200DFBD6D /* Assets.xcassets */; };
		A9E542E12ABC444200DFBD6D /* Preview Assets.xcassets in Resources */ = {isa = PBXBuildFile; fileRef = A9E542E02ABC444200DFBD6D /* Preview Assets.xcassets */; };
		A9E542EB2ABC444200DFBD6D /* GroceriesShopTests.swift in Sources */ = {isa = PBXBuildFile; fileRef = A9E542EA2ABC444200DFBD6D /* GroceriesShopTests.swift */; };
		A9E542F52ABC444200DFBD6D /* GroceriesShopUITests.swift in Sources */ = {isa = PBXBuildFile; fileRef = A9E542F42ABC444200DFBD6D /* GroceriesShopUITests.swift */; };
		A9E542F72ABC444200DFBD6D /* GroceriesShopUITestsLaunchTests.swift in Sources */ = {isa = PBXBuildFile; fileRef = A9E542F62ABC444200DFBD6D /* GroceriesShopUITestsLaunchTests.swift */; };
/* End PBXBuildFile section */

/* Begin PBXContainerItemProxy section */
		A9E542E72ABC444200DFBD6D /* PBXContainerItemProxy */ = {
			isa = PBXContainerItemProxy;
			containerPortal = A9E542CE2ABC444000DFBD6D /* Project object */;
			proxyType = 1;
			remoteGlobalIDString = A9E542D52ABC444000DFBD6D;
			remoteInfo = GroceriesShop;
		};
		A9E542F12ABC444200DFBD6D /* PBXContainerItemProxy */ = {
			isa = PBXContainerItemProxy;
			containerPortal = A9E542CE2ABC444000DFBD6D /* Project object */;
			proxyType = 1;
			remoteGlobalIDString = A9E542D52ABC444000DFBD6D;
			remoteInfo = GroceriesShop;
		};
/* End PBXContainerItemProxy section */

/* Begin PBXFileReference section */
		A9E542D62ABC444000DFBD6D /* GroceriesShop.app */ = {isa = PBXFileReference; explicitFileType = wrapper.application; includeInIndex = 0; path = GroceriesShop.app; sourceTree = BUILT_PRODUCTS_DIR; };
		A9E542D92ABC444000DFBD6D /* GroceriesShopApp.swift */ = {isa = PBXFileReference; lastKnownFileType = sourcecode.swift; path = GroceriesShopApp.swift; sourceTree = "<group>"; };
		A9E542DB2ABC444000DFBD6D /* ContentView.swift */ = {isa = PBXFileReference; lastKnownFileType = sourcecode.swift; path = ContentView.swift; sourceTree = "<group>"; };
		A9E542DD2ABC444200DFBD6D /* Assets.xcassets */ = {isa = PBXFileReference; lastKnownFileType = folder.assetcatalog; path = Assets.xcassets; sourceTree = "<group>"; };
		A9E542E02ABC444200DFBD6D /* Preview Assets.xcassets */ = {isa = PBXFileReference; lastKnownFileType = folder.assetcatalog; path = "Preview Assets.xcassets"; sourceTree = "<group>"; };
		A9E542E62ABC444200DFBD6D /* GroceriesShopTests.xctest */ = {isa = PBXFileReference; explicitFileType = wrapper.cfbundle; includeInIndex = 0; path = GroceriesShopTests.xctest; sourceTree = BUILT_PRODUCTS_DIR; };
		A9E542EA2ABC444200DFBD6D /* GroceriesShopTests.swift */ = {isa = PBXFileReference; lastKnownFileType = sourcecode.swift; path = GroceriesShopTests.swift; sourceTree = "<group>"; };
		A9E542F02ABC444200DFBD6D /* GroceriesShopUITests.xctest */ = {isa = PBXFileReference; explicitFileType = wrapper.cfbundle; includeInIndex = 0; path = GroceriesShopUITests.xctest; sourceTree = BUILT_PRODUCTS_DIR; };
		A9E542F42ABC444200DFBD6D /* GroceriesShopUITests.swift */ = {isa = PBXFileReference; lastKnownFileType = sourcecode.swift; path = GroceriesShopUITests.swift; sourceTree = "<group>"; };
		A9E542F62ABC444200DFBD6D /* GroceriesShopUITestsLaunchTests.swift */ = {isa = PBXFileReference; lastKnownFileType = sourcecode.swift; path = GroceriesShopUITestsLaunchTests.swift; sourceTree = "<group>"; };
/* End PBXFileReference section */

/* Begin PBXFrameworksBuildPhase section */
		A9E542D32ABC444000DFBD6D /* Frameworks */ = {
			isa = PBXFrameworksBuildPhase;
			buildActionMask = 2147483647;
			files = (
			);
			runOnlyForDeploymentPostprocessing = 0;
		};
		A9E542E32ABC444200DFBD6D /* Frameworks */ = {
			isa = PBXFrameworksBuildPhase;
			buildActionMask = 2147483647;
			files = (
			);
			runOnlyForDeploymentPostprocessing = 0;
		};
		A9E542ED2ABC444200DFBD6D /* Frameworks */ = {
			isa = PBXFrameworksBuildPhase;
			buildActionMask = 2147483647;
			files = (
			);
			runOnlyForDeploymentPostprocessing = 0;
		};
/* End PBXFrameworksBuildPhase section */

/* Begin PBXGroup section */
		A9E542CD2ABC444000DFBD6D = {
			isa = PBXGroup;
			children = (
				A9E542D82ABC444000DFBD6D /* GroceriesShop */,
				A9E542E92ABC444200DFBD6D /* GroceriesShopTests */,
				A9E542F32ABC444200DFBD6D /* GroceriesShopUITests */,
				A9E542D72ABC444000DFBD6D /* Products */,
			);
			sourceTree = "<group>";
		};
		A9E542D72ABC444000DFBD6D /* Products */ = {
			isa = PBXGroup;
			children = (
				A9E542D62ABC444000DFBD6D /* GroceriesShop.app */,
				A9E542E62ABC444200DFBD6D /* GroceriesShopTests.xctest */,
				A9E542F02ABC444200DFBD6D /* GroceriesShopUITests.xctest */,
			);
			name = Products;
			sourceTree = "<group>";
		};
		A9E542D82ABC444000DFBD6D /* GroceriesShop */ = {
			isa = PBXGroup;
			children = (
				A9E542D92ABC444000DFBD6D /* GroceriesShopApp.swift */,
				A9E542DB2ABC444000DFBD6D /* ContentView.swift */,
				A9E542DD2ABC444200DFBD6D /* Assets.xcassets */,
				A9E542DF2ABC444200DFBD6D /* Preview Content */,
			);
			path = GroceriesShop;
			sourceTree = "<group>";
		};
		A9E542DF2ABC444200DFBD6D /* Preview Content */ = {
			isa = PBXGroup;
			children = (
				A9E542E02ABC444200DFBD6D /* Preview Assets.xcassets */,
			);
			path = "Preview Content";
			sourceTree = "<group>";
		};
		A9E542E92ABC444200DFBD6D /* GroceriesShopTests */ = {
			isa = PBXGroup;
			children = (
				A9E542EA2ABC444200DFBD6D /* GroceriesShopTests.swift */,
			);
			path = GroceriesShopTests;
			sourceTree = "<group>";
		};
		A9E542F32ABC444200DFBD6D /* GroceriesShopUITests */ = {
			isa = PBXGroup;
			children = (
				A9E542F42ABC444200DFBD6D /* GroceriesShopUITests.swift */,
				A9E542F62ABC444200DFBD6D /* GroceriesShopUITestsLaunchTests.swift */,
			);
			path = GroceriesShopUITests;
			sourceTree = "<group>";
		};
/* End PBXGroup section */

/* Begin PBXNativeTarget section */
		A9E542D52ABC444000DFBD6D /* GroceriesShop */ = {
			isa = PBXNativeTarget;
			buildConfigurationList = A9E542FA2ABC444200DFBD6D /* Build configuration list for PBXNativeTarget "GroceriesShop" */;
			buildPhases = (
				A9E542D22ABC444000DFBD6D /* Sources */,
				A9E542D32ABC444000DFBD6D /* Frameworks */,
				A9E542D42ABC444000DFBD6D /* Resources */,
			);
			buildRules = (
			);
			dependencies = (
			);
			name = GroceriesShop;
			productName = GroceriesShop;
			productReference = A9E542D62ABC444000DFBD6D /* GroceriesShop.app */;
			productType = "com.apple.product-type.application";
		};
		A9E542E52ABC444200DFBD6D /* GroceriesShopTests */ = {
			isa = PBXNativeTarget;
			buildConfigurationList = A9E542FD2ABC444200DFBD6D /* Build configuration list for PBXNativeTarget "GroceriesShopTests" */;
			buildPhases = (
				A9E542E22ABC444200DFBD6D /* Sources */,
				A9E542E32ABC444200DFBD6D /* Frameworks */,
				A9E542E42ABC444200DFBD6D /* Resources */,
			);
			buildRules = (
			);
			dependencies = (
				A9E542E82ABC444200DFBD6D /* PBXTargetDependency */,
			);
			name = GroceriesShopTests;
			productName = GroceriesShopTests;
			productReference = A9E542E62ABC444200DFBD6D /* GroceriesShopTests.xctest */;
			productType = "com.apple.product-type.bundle.unit-test";
		};
		A9E542EF2ABC444200DFBD6D /* GroceriesShopUITests */ = {
			isa = PBXNativeTarget;
			buildConfigurationList = A9E543002ABC444200DFBD6D /* Build configuration list for PBXNativeTarget "GroceriesShopUITests" */;
			buildPhases = (
				A9E542EC2ABC444200DFBD6D /* Sources */,
				A9E542ED2ABC444200DFBD6D /* Frameworks */,
				A9E542EE2ABC444200DFBD6D /* Resources */,
			);
			buildRules = (
			);
			dependencies = (
				A9E542F22ABC444200DFBD6D /* PBXTargetDependency */,
			);
			name = GroceriesShopUITests;
			productName = GroceriesShopUITests;
			productReference = A9E542F02ABC444200DFBD6D /* GroceriesShopUITests.xctest */;
			productType = "com.apple.product-type.bundle.ui-testing";
		};
/* End PBXNativeTarget section */

/* Begin PBXProject section */
		A9E542CE2ABC444000DFBD6D /* Project object */ = {
			isa = PBXProject;
			attributes = {
				BuildIndependentTargetsInParallel = 1;
				LastSwiftUpdateCheck = 1430;
				LastUpgradeCheck = 1430;
				TargetAttributes = {
					A9E542D52ABC444000DFBD6D = {
						CreatedOnToolsVersion = 14.3.1;
					};
					A9E542E52ABC444200DFBD6D = {
						CreatedOnToolsVersion = 14.3.1;
						TestTargetID = A9E542D52ABC444000DFBD6D;
					};
					A9E542EF2ABC444200DFBD6D = {
						CreatedOnToolsVersion = 14.3.1;
						TestTargetID = A9E542D52ABC444000DFBD6D;
					};
				};
			};
			buildConfigurationList = A9E542D12ABC444000DFBD6D /* Build configuration list for PBXProject "GroceriesShop" */;
			compatibilityVersion = "Xcode 14.0";
			developmentRegion = en;
			hasScannedForEncodings = 0;
			knownRegions = (
				en,
				Base,
			);
			mainGroup = A9E542CD2ABC444000DFBD6D;
			productRefGroup = A9E542D72ABC444000DFBD6D /* Products */;
			projectDirPath = "";
			projectRoot = "";
			targets = (
				A9E542D52ABC444000DFBD6D /* GroceriesShop */,
				A9E542E52ABC444200DFBD6D /* GroceriesShopTests */,
				A9E542EF2ABC444200DFBD6D /* GroceriesShopUITests */,
			);
		};
/* End PBXProject section */

/* Begin PBXResourcesBuildPhase section */
		A9E542D42ABC444000DFBD6D /* Resources */ = {
			isa = PBXResourcesBuildPhase;
			buildActionMask = 2147483647;
			files = (
				A9E542E12ABC444200DFBD6D /* Preview Assets.xcassets in Resources */,
				A9E542DE2ABC444200DFBD6D /* Assets.xcassets in Resources */,
			);
			runOnlyForDeploymentPostprocessing = 0;
		};
		A9E542E42ABC444200DFBD6D /* Resources */ = {
			isa = PBXResourcesBuildPhase;
			buildActionMask = 2147483647;
			files = (
			);
			runOnlyForDeploymentPostprocessing = 0;
		};
		A9E542EE2ABC444200DFBD6D /* Resources */ = {
			isa = PBXResourcesBuildPhase;
			buildActionMask = 2147483647;
			files = (
			);
			runOnlyForDeploymentPostprocessing = 0;
		};
/* End PBXResourcesBuildPhase section */

/* Begin PBXSourcesBuildPhase section */
		A9E542D22ABC444000DFBD6D /* Sources */ = {
			isa = PBXSourcesBuildPhase;
			buildActionMask = 2147483647;
			files = (
				A9E542DC2ABC444000DFBD6D /* ContentView.swift in Sources */,
				A9E542DA2ABC444000DFBD6D /* GroceriesShopApp.swift in Sources */,
			);
			runOnlyForDeploymentPostprocessing = 0;
		};
		A9E542E22ABC444200DFBD6D /* Sources */ = {
			isa = PBXSourcesBuildPhase;
			buildActionMask = 2147483647;
			files = (
				A9E542EB2ABC444200DFBD6D /* GroceriesShopTests.swift in Sources */,
			);
			runOnlyForDeploymentPostprocessing = 0;
		};
		A9E542EC2ABC444200DFBD6D /* Sources */ = {
			isa = PBXSourcesBuildPhase;
			buildActionMask = 2147483647;
			files = (
				A9E542F72ABC444200DFBD6D /* GroceriesShopUITestsLaunchTests.swift in Sources */,
				A9E542F52ABC444200DFBD6D /* GroceriesShopUITests.swift in Sources */,
			);
			runOnlyForDeploymentPostprocessing = 0;
		};
/* End PBXSourcesBuildPhase section */

/* Begin PBXTargetDependency section */
		A9E542E82ABC444200DFBD6D /* PBXTargetDependency */ = {
			isa = PBXTargetDependency;
			target = A9E542D52ABC444000DFBD6D /* GroceriesShop */;
			targetProxy = A9E542E72ABC444200DFBD6D /* PBXContainerItemProxy */;
		};
		A9E542F22ABC444200DFBD6D /* PBXTargetDependency */ = {
			isa = PBXTargetDependency;
			target = A9E542D52ABC444000DFBD6D /* GroceriesShop */;
			targetProxy = A9E542F12ABC444200DFBD6D /* PBXContainerItemProxy */;
		};
/* End PBXTargetDependency section */

/* Begin XCBuildConfiguration section */
		A9E542F82ABC444200DFBD6D /* Debug */ = {
			isa = XCBuildConfiguration;
			buildSettings = {
				ALWAYS_SEARCH_USER_PATHS = NO;
				CLANG_ANALYZER_NONNULL = YES;
				CLANG_ANALYZER_NUMBER_OBJECT_CONVERSION = YES_AGGRESSIVE;
				CLANG_CXX_LANGUAGE_STANDARD = "gnu++20";
				CLANG_ENABLE_MODULES = YES;
				CLANG_ENABLE_OBJC_ARC = YES;
				CLANG_ENABLE_OBJC_WEAK = YES;
				CLANG_WARN_BLOCK_CAPTURE_AUTORELEASING = YES;
				CLANG_WARN_BOOL_CONVERSION = YES;
				CLANG_WARN_COMMA = YES;
				CLANG_WARN_CONSTANT_CONVERSION = YES;
				CLANG_WARN_DEPRECATED_OBJC_IMPLEMENTATIONS = YES;
				CLANG_WARN_DIRECT_OBJC_ISA_USAGE = YES_ERROR;
				CLANG_WARN_DOCUMENTATION_COMMENTS = YES;
				CLANG_WARN_EMPTY_BODY = YES;
				CLANG_WARN_ENUM_CONVERSION = YES;
				CLANG_WARN_INFINITE_RECURSION = YES;
				CLANG_WARN_INT_CONVERSION = YES;
				CLANG_WARN_NON_LITERAL_NULL_CONVERSION = YES;
				CLANG_WARN_OBJC_IMPLICIT_RETAIN_SELF = YES;
				CLANG_WARN_OBJC_LITERAL_CONVERSION = YES;
				CLANG_WARN_OBJC_ROOT_CLASS = YES_ERROR;
				CLANG_WARN_QUOTED_INCLUDE_IN_FRAMEWORK_HEADER = YES;
				CLANG_WARN_RANGE_LOOP_ANALYSIS = YES;
				CLANG_WARN_STRICT_PROTOTYPES = YES;
				CLANG_WARN_SUSPICIOUS_MOVE = YES;
				CLANG_WARN_UNGUARDED_AVAILABILITY = YES_AGGRESSIVE;
				CLANG_WARN_UNREACHABLE_CODE = YES;
				CLANG_WARN__DUPLICATE_METHOD_MATCH = YES;
				COPY_PHASE_STRIP = NO;
				DEBUG_INFORMATION_FORMAT = dwarf;
				ENABLE_STRICT_OBJC_MSGSEND = YES;
				ENABLE_TESTABILITY = YES;
				GCC_C_LANGUAGE_STANDARD = gnu11;
				GCC_DYNAMIC_NO_PIC = NO;
				GCC_NO_COMMON_BLOCKS = YES;
				GCC_OPTIMIZATION_LEVEL = 0;
				GCC_PREPROCESSOR_DEFINITIONS = (
					"DEBUG=1",
					"$(inherited)",
				);
				GCC_WARN_64_TO_32_BIT_CONVERSION = YES;
				GCC_WARN_ABOUT_RETURN_TYPE = YES_ERROR;
				GCC_WARN_UNDECLARED_SELECTOR = YES;
				GCC_WARN_UNINITIALIZED_AUTOS = YES_AGGRESSIVE;
				GCC_WARN_UNUSED_FUNCTION = YES;
				GCC_WARN_UNUSED_VARIABLE = YES;
				IPHONEOS_DEPLOYMENT_TARGET = 16.4;
				MTL_ENABLE_DEBUG_INFO = INCLUDE_SOURCE;
				MTL_FAST_MATH = YES;
				ONLY_ACTIVE_ARCH = YES;
				SDKROOT = iphoneos;
				SWIFT_ACTIVE_COMPILATION_CONDITIONS = DEBUG;
				SWIFT_OPTIMIZATION_LEVEL = "-Onone";
			};
			name = Debug;
		};
		A9E542F92ABC444200DFBD6D /* Release */ = {
			isa = XCBuildConfiguration;
			buildSettings = {
				ALWAYS_SEARCH_USER_PATHS = NO;
				CLANG_ANALYZER_NONNULL = YES;
				CLANG_ANALYZER_NUMBER_OBJECT_CONVERSION = YES_AGGRESSIVE;
				CLANG_CXX_LANGUAGE_STANDARD = "gnu++20";
				CLANG_ENABLE_MODULES = YES;
				CLANG_ENABLE_OBJC_ARC = YES;
				CLANG_ENABLE_OBJC_WEAK = YES;
				CLANG_WARN_BLOCK_CAPTURE_AUTORELEASING = YES;
				CLANG_WARN_BOOL_CONVERSION = YES;
				CLANG_WARN_COMMA = YES;
				CLANG_WARN_CONSTANT_CONVERSION = YES;
				CLANG_WARN_DEPRECATED_OBJC_IMPLEMENTATIONS = YES;
				CLANG_WARN_DIRECT_OBJC_ISA_USAGE = YES_ERROR;
				CLANG_WARN_DOCUMENTATION_COMMENTS = YES;
				CLANG_WARN_EMPTY_BODY = YES;
				CLANG_WARN_ENUM_CONVERSION = YES;
				CLANG_WARN_INFINITE_RECURSION = YES;
				CLANG_WARN_INT_CONVERSION = YES;
				CLANG_WARN_NON_LITERAL_NULL_CONVERSION = YES;
				CLANG_WARN_OBJC_IMPLICIT_RETAIN_SELF = YES;
				CLANG_WARN_OBJC_LITERAL_CONVERSION = YES;
				CLANG_WARN_OBJC_ROOT_CLASS = YES_ERROR;
				CLANG_WARN_QUOTED_INCLUDE_IN_FRAMEWORK_HEADER = YES;
				CLANG_WARN_RANGE_LOOP_ANALYSIS = YES;
				CLANG_WARN_STRICT_PROTOTYPES = YES;
				CLANG_WARN_SUSPICIOUS_MOVE = YES;
				CLANG_WARN_UNGUARDED_AVAILABILITY = YES_AGGRESSIVE;
				CLANG_WARN_UNREACHABLE_CODE = YES;
				CLANG_WARN__DUPLICATE_METHOD_MATCH = YES;
				COPY_PHASE_STRIP = NO;
				DEBUG_INFORMATION_FORMAT = "dwarf-with-dsym";
				ENABLE_NS_ASSERTIONS = NO;
				ENABLE_STRICT_OBJC_MSGSEND = YES;
				GCC_C_LANGUAGE_STANDARD = gnu11;
				GCC_NO_COMMON_BLOCKS = YES;
				GCC_WARN_64_TO_32_BIT_CONVERSION = YES;
				GCC_WARN_ABOUT_RETURN_TYPE = YES_ERROR;
				GCC_WARN_UNDECLARED_SELECTOR = YES;
				GCC_WARN_UNINITIALIZED_AUTOS = YES_AGGRESSIVE;
				GCC_WARN_UNUSED_FUNCTION = YES;
				GCC_WARN_UNUSED_VARIABLE = YES;
				IPHONEOS_DEPLOYMENT_TARGET = 16.4;
				MTL_ENABLE_DEBUG_INFO = NO;
				MTL_FAST_MATH = YES;
				SDKROOT = iphoneos;
				SWIFT_COMPILATION_MODE = wholemodule;
				SWIFT_OPTIMIZATION_LEVEL = "-O";
				VALIDATE_PRODUCT = YES;
			};
			name = Release;
		};
		A9E542FB2ABC444200DFBD6D /* Debug */ = {
			isa = XCBuildConfiguration;
			buildSettings = {
				ASSETCATALOG_COMPILER_APPICON_NAME = AppIcon;
				ASSETCATALOG_COMPILER_GLOBAL_ACCENT_COLOR_NAME = AccentColor;
				CODE_SIGN_STYLE = Automatic;
				CURRENT_PROJECT_VERSION = 1;
				DEVELOPMENT_ASSET_PATHS = "\"GroceriesShop/Preview Content\"";
				ENABLE_PREVIEWS = YES;
				GENERATE_INFOPLIST_FILE = YES;
				INFOPLIST_KEY_UIApplicationSceneManifest_Generation = YES;
				INFOPLIST_KEY_UIApplicationSupportsIndirectInputEvents = YES;
				INFOPLIST_KEY_UILaunchScreen_Generation = YES;
				INFOPLIST_KEY_UISupportedInterfaceOrientations_iPad = "UIInterfaceOrientationPortrait UIInterfaceOrientationPortraitUpsideDown UIInterfaceOrientationLandscapeLeft UIInterfaceOrientationLandscapeRight";
				INFOPLIST_KEY_UISupportedInterfaceOrientations_iPhone = "UIInterfaceOrientationPortrait UIInterfaceOrientationLandscapeLeft UIInterfaceOrientationLandscapeRight";
				LD_RUNPATH_SEARCH_PATHS = (
					"$(inherited)",
					"@executable_path/Frameworks",
				);
				MARKETING_VERSION = 1.0;
				PRODUCT_BUNDLE_IDENTIFIER = klabs.GroceriesShop;
				PRODUCT_NAME = "$(TARGET_NAME)";
				SWIFT_EMIT_LOC_STRINGS = YES;
				SWIFT_VERSION = 5.0;
				TARGETED_DEVICE_FAMILY = "1,2";
			};
			name = Debug;
		};
		A9E542FC2ABC444200DFBD6D /* Release */ = {
			isa = XCBuildConfiguration;
			buildSettings = {
				ASSETCATALOG_COMPILER_APPICON_NAME = AppIcon;
				ASSETCATALOG_COMPILER_GLOBAL_ACCENT_COLOR_NAME = AccentColor;
				CODE_SIGN_STYLE = Automatic;
				CURRENT_PROJECT_VERSION = 1;
				DEVELOPMENT_ASSET_PATHS = "\"GroceriesShop/Preview Content\"";
				ENABLE_PREVIEWS = YES;
				GENERATE_INFOPLIST_FILE = YES;
				INFOPLIST_KEY_UIApplicationSceneManifest_Generation = YES;
				INFOPLIST_KEY_UIApplicationSupportsIndirectInputEvents = YES;
				INFOPLIST_KEY_UILaunchScreen_Generation = YES;
				INFOPLIST_KEY_UISupportedInterfaceOrientations_iPad = "UIInterfaceOrientationPortrait UIInterfaceOrientationPortraitUpsideDown UIInterfaceOrientationLandscapeLeft UIInterfaceOrientationLandscapeRight";
				INFOPLIST_KEY_UISupportedInterfaceOrientations_iPhone = "UIInterfaceOrientationPortrait UIInterfaceOrientationLandscapeLeft UIInterfaceOrientationLandscapeRight";
				LD_RUNPATH_SEARCH_PATHS = (
					"$(inherited)",
					"@executable_path/Frameworks",
				);
				MARKETING_VERSION = 1.0;
				PRODUCT_BUNDLE_IDENTIFIER = klabs.GroceriesShop;
				PRODUCT_NAME = "$(TARGET_NAME)";
				SWIFT_EMIT_LOC_STRINGS = YES;
				SWIFT_VERSION = 5.0;
				TARGETED_DEVICE_FAMILY = "1,2";
			};
			name = Release;
		};
		A9E542FE2ABC444200DFBD6D /* Debug */ = {
			isa = XCBuildConfiguration;
			buildSettings = {
				ALWAYS_EMBED_SWIFT_STANDARD_LIBRARIES = YES;
				BUNDLE_LOADER = "$(TEST_HOST)";
				CODE_SIGN_STYLE = Automatic;
				CURRENT_PROJECT_VERSION = 1;
				GENERATE_INFOPLIST_FILE = YES;
				IPHONEOS_DEPLOYMENT_TARGET = 16.4;
				MARKETING_VERSION = 1.0;
				PRODUCT_BUNDLE_IDENTIFIER = klabs.GroceriesShopTests;
				PRODUCT_NAME = "$(TARGET_NAME)";
				SWIFT_EMIT_LOC_STRINGS = NO;
				SWIFT_VERSION = 5.0;
				TARGETED_DEVICE_FAMILY = "1,2";
				TEST_HOST = "$(BUILT_PRODUCTS_DIR)/GroceriesShop.app/$(BUNDLE_EXECUTABLE_FOLDER_PATH)/GroceriesShop";
			};
			name = Debug;
		};
		A9E542FF2ABC444200DFBD6D /* Release */ = {
			isa = XCBuildConfiguration;
			buildSettings = {
				ALWAYS_EMBED_SWIFT_STANDARD_LIBRARIES = YES;
				BUNDLE_LOADER = "$(TEST_HOST)";
				CODE_SIGN_STYLE = Automatic;
				CURRENT_PROJECT_VERSION = 1;
				GENERATE_INFOPLIST_FILE = YES;
				IPHONEOS_DEPLOYMENT_TARGET = 16.4;
				MARKETING_VERSION = 1.0;
				PRODUCT_BUNDLE_IDENTIFIER = klabs.GroceriesShopTests;
				PRODUCT_NAME = "$(TARGET_NAME)";
				SWIFT_EMIT_LOC_STRINGS = NO;
				SWIFT_VERSION = 5.0;
				TARGETED_DEVICE_FAMILY = "1,2";
				TEST_HOST = "$(BUILT_PRODUCTS_DIR)/GroceriesShop.app/$(BUNDLE_EXECUTABLE_FOLDER_PATH)/GroceriesShop";
			};
			name = Release;
		};
		A9E543012ABC444200DFBD6D /* Debug */ = {
			isa = XCBuildConfiguration;
			buildSettings = {
				ALWAYS_EMBED_SWIFT_STANDARD_LIBRARIES = YES;
				CODE_SIGN_STYLE = Automatic;
				CURRENT_PROJECT_VERSION = 1;
				GENERATE_INFOPLIST_FILE = YES;
				MARKETING_VERSION = 1.0;
				PRODUCT_BUNDLE_IDENTIFIER = klabs.GroceriesShopUITests;
				PRODUCT_NAME = "$(TARGET_NAME)";
				SWIFT_EMIT_LOC_STRINGS = NO;
				SWIFT_VERSION = 5.0;
				TARGETED_DEVICE_FAMILY = "1,2";
				TEST_TARGET_NAME = GroceriesShop;
			};
			name = Debug;
		};
		A9E543022ABC444200DFBD6D /* Release */ = {
			isa = XCBuildConfiguration;
			buildSettings = {
				ALWAYS_EMBED_SWIFT_STANDARD_LIBRARIES = YES;
				CODE_SIGN_STYLE = Automatic;
				CURRENT_PROJECT_VERSION = 1;
				GENERATE_INFOPLIST_FILE = YES;
				MARKETING_VERSION = 1.0;
				PRODUCT_BUNDLE_IDENTIFIER = klabs.GroceriesShopUITests;
				PRODUCT_NAME = "$(TARGET_NAME)";
				SWIFT_EMIT_LOC_STRINGS = NO;
				SWIFT_VERSION = 5.0;
				TARGETED_DEVICE_FAMILY = "1,2";
				TEST_TARGET_NAME = GroceriesShop;
			};
			name = Release;
		};
/* End XCBuildConfiguration section */

/* Begin XCConfigurationList section */
		A9E542D12ABC444000DFBD6D /* Build configuration list for PBXProject "GroceriesShop" */ = {
			isa = XCConfigurationList;
			buildConfigurations = (
				A9E542F82ABC444200DFBD6D /* Debug */,
				A9E542F92ABC444200DFBD6D /* Release */,
			);
			defaultConfigurationIsVisible = 0;
			defaultConfigurationName = Release;
		};
		A9E542FA2ABC444200DFBD6D /* Build configuration list for PBXNativeTarget "GroceriesShop" */ = {
			isa = XCConfigurationList;
			buildConfigurations = (
				A9E542FB2ABC444200DFBD6D /* Debug */,
				A9E542FC2ABC444200DFBD6D /* Release */,
			);
			defaultConfigurationIsVisible = 0;
			defaultConfigurationName = Release;
		};
		A9E542FD2ABC444200DFBD6D /* Build configuration list for PBXNativeTarget "GroceriesShopTests" */ = {
			isa = XCConfigurationList;
			buildConfigurations = (
				A9E542FE2ABC444200DFBD6D /* Debug */,
				A9E542FF2ABC444200DFBD6D /* Release */,
			);
			defaultConfigurationIsVisible = 0;
			defaultConfigurationName = Release;
		};
		A9E543002ABC444200DFBD6D /* Build configuration list for PBXNativeTarget "GroceriesShopUITests" */ = {
			isa = XCConfigurationList;
			buildConfigurations = (
				A9E543012ABC444200DFBD6D /* Debug */,
				A9E543022ABC444200DFBD6D /* Release */,
			);
			defaultConfigurationIsVisible = 0;
			defaultConfigurationName = Release;
		};
/* End XCConfigurationList section */
	};
	rootObject = A9E542CE2ABC444000DFBD6D /* Project object */;
}
